
Microsoft Visual Studio Solution File, Format Version 12.00
# Visual Studio Version 17
VisualStudioVersion = 17.5.33627.172
MinimumVisualStudioVersion = 10.0.40219.1
Project("{FAE04EC0-301F-11D3-BF4B-00C04F79EFBC}") = "Signal", "Signal\Signal.csproj", "{71DD128E-CB47-4B4D-B747-01A39810B128}"
EndProject
Global
	GlobalSection(SolutionConfigurationPlatforms) = preSolution
		Debug|Any CPU = Debug|Any CPU
		Release|Any CPU = Release|Any CPU
	EndGlobalSection
	GlobalSection(ProjectConfigurationPlatforms) = postSolution
		{71DD128E-CB47-4B4D-B747-01A39810B128}.Debug|Any CPU.ActiveCfg = Debug|Any CPU
		{71DD128E-CB47-4B4D-B747-01A39810B128}.Debug|Any CPU.Build.0 = Debug|Any CPU
		{71DD128E-CB47-4B4D-B747-01A39810B128}.Release|Any CPU.ActiveCfg = Release|Any CPU
		{71DD128E-CB47-4B4D-B747-01A39810B128}.Release|Any CPU.Build.0 = Release|Any CPU
	EndGlobalSection
	GlobalSection(SolutionProperties) = preSolution
		HideSolutionNode = FALSE
	EndGlobalSection
	GlobalSection(ExtensibilityGlobals) = postSolution
		SolutionGuid = {9BFA5383-B526-407D-BEE1-C3452C107E4D}
	EndGlobalSection
EndGlobal
